
Microsoft Visual Studio Solution File, Format Version 12.00
# Visual Studio Version 17
VisualStudioVersion = 17.2.32602.215
MinimumVisualStudioVersion = 10.0.40219.1
Project("{FAE04EC0-301F-11D3-BF4B-00C04F79EFBC}") = "LambdaLearingProblem", "LambdaLearingProblem\LambdaLearingProblem.csproj", "{26A31A9C-200E-494D-97FA-90393173B43D}"
EndProject
Global
	GlobalSection(SolutionConfigurationPlatforms) = preSolution
		Debug|Any CPU = Debug|Any CPU
		Release|Any CPU = Release|Any CPU
	EndGlobalSection
	GlobalSection(ProjectConfigurationPlatforms) = postSolution
		{26A31A9C-200E-494D-97FA-90393173B43D}.Debug|Any CPU.ActiveCfg = Debug|Any CPU
		{26A31A9C-200E-494D-97FA-90393173B43D}.Debug|Any CPU.Build.0 = Debug|Any CPU
		{26A31A9C-200E-494D-97FA-90393173B43D}.Release|Any CPU.ActiveCfg = Release|Any CPU
		{26A31A9C-200E-494D-97FA-90393173B43D}.Release|Any CPU.Build.0 = Release|Any CPU
	EndGlobalSection
	GlobalSection(SolutionProperties) = preSolution
		HideSolutionNode = FALSE
	EndGlobalSection
	GlobalSection(ExtensibilityGlobals) = postSolution
		SolutionGuid = {89622B86-4A85-46F9-9C3D-29576FE12369}
	EndGlobalSection
EndGlobal
